
Microsoft Visual Studio Solution File, Format Version 12.00
# Visual Studio 2013
VisualStudioVersion = 12.0.21005.1
MinimumVisualStudioVersion = 10.0.40219.1
Project("{FAE04EC0-301F-11D3-BF4B-00C04F79EFBC}") = "Tests", "Tests\Tests.csproj", "{87E3562B-CAB2-49F2-9752-9CB916D87938}"
EndProject
Project("{FAE04EC0-301F-11D3-BF4B-00C04F79EFBC}") = "MailInteraction", "MailInteraction\MailInteraction.csproj", "{7F01300E-5584-4BBA-9FD6-57B700EEE031}"
EndProject
Project("{FAE04EC0-301F-11D3-BF4B-00C04F79EFBC}") = "Entities", "Entities\Entities.csproj", "{A63088D3-C71E-4E47-9C0C-036A4CC52BB1}"
EndProject
Project("{FAE04EC0-301F-11D3-BF4B-00C04F79EFBC}") = "MailHandler", "MailHandler\MailHandler.csproj", "{9601B18F-ECDA-41E0-BB93-35EDEDF52B6F}"
EndProject
Project("{FAE04EC0-301F-11D3-BF4B-00C04F79EFBC}") = "MailboxMonitor", "MailboxMonitor\MailboxMonitor.csproj", "{FC289E0E-2BF3-48F2-AB7C-D2223E368EE6}"
EndProject
Project("{FAE04EC0-301F-11D3-BF4B-00C04F79EFBC}") = "restAPI", "restAPI\restAPI.csproj", "{6C9E99A4-46A4-4E8D-ABC7-D19800D46B03}"
EndProject
Global
	GlobalSection(SolutionConfigurationPlatforms) = preSolution
		Debug|Any CPU = Debug|Any CPU
		Release|Any CPU = Release|Any CPU
	EndGlobalSection
	GlobalSection(ProjectConfigurationPlatforms) = postSolution
		{87E3562B-CAB2-49F2-9752-9CB916D87938}.Debug|Any CPU.ActiveCfg = Debug|Any CPU
		{87E3562B-CAB2-49F2-9752-9CB916D87938}.Debug|Any CPU.Build.0 = Debug|Any CPU
		{87E3562B-CAB2-49F2-9752-9CB916D87938}.Release|Any CPU.ActiveCfg = Release|Any CPU
		{87E3562B-CAB2-49F2-9752-9CB916D87938}.Release|Any CPU.Build.0 = Release|Any CPU
		{7F01300E-5584-4BBA-9FD6-57B700EEE031}.Debug|Any CPU.ActiveCfg = Debug|Any CPU
		{7F01300E-5584-4BBA-9FD6-57B700EEE031}.Debug|Any CPU.Build.0 = Debug|Any CPU
		{7F01300E-5584-4BBA-9FD6-57B700EEE031}.Release|Any CPU.ActiveCfg = Release|Any CPU
		{7F01300E-5584-4BBA-9FD6-57B700EEE031}.Release|Any CPU.Build.0 = Release|Any CPU
		{A63088D3-C71E-4E47-9C0C-036A4CC52BB1}.Debug|Any CPU.ActiveCfg = Debug|Any CPU
		{A63088D3-C71E-4E47-9C0C-036A4CC52BB1}.Debug|Any CPU.Build.0 = Debug|Any CPU
		{A63088D3-C71E-4E47-9C0C-036A4CC52BB1}.Release|Any CPU.ActiveCfg = Release|Any CPU
		{A63088D3-C71E-4E47-9C0C-036A4CC52BB1}.Release|Any CPU.Build.0 = Release|Any CPU
		{9601B18F-ECDA-41E0-BB93-35EDEDF52B6F}.Debug|Any CPU.ActiveCfg = Debug|Any CPU
		{9601B18F-ECDA-41E0-BB93-35EDEDF52B6F}.Debug|Any CPU.Build.0 = Debug|Any CPU
		{9601B18F-ECDA-41E0-BB93-35EDEDF52B6F}.Release|Any CPU.ActiveCfg = Release|Any CPU
		{9601B18F-ECDA-41E0-BB93-35EDEDF52B6F}.Release|Any CPU.Build.0 = Release|Any CPU
		{FC289E0E-2BF3-48F2-AB7C-D2223E368EE6}.Debug|Any CPU.ActiveCfg = Debug|Any CPU
		{FC289E0E-2BF3-48F2-AB7C-D2223E368EE6}.Debug|Any CPU.Build.0 = Debug|Any CPU
		{FC289E0E-2BF3-48F2-AB7C-D2223E368EE6}.Release|Any CPU.ActiveCfg = Release|Any CPU
		{FC289E0E-2BF3-48F2-AB7C-D2223E368EE6}.Release|Any CPU.Build.0 = Release|Any CPU
		{6C9E99A4-46A4-4E8D-ABC7-D19800D46B03}.Debug|Any CPU.ActiveCfg = Debug|Any CPU
		{6C9E99A4-46A4-4E8D-ABC7-D19800D46B03}.Debug|Any CPU.Build.0 = Debug|Any CPU
		{6C9E99A4-46A4-4E8D-ABC7-D19800D46B03}.Release|Any CPU.ActiveCfg = Release|Any CPU
		{6C9E99A4-46A4-4E8D-ABC7-D19800D46B03}.Release|Any CPU.Build.0 = Release|Any CPU
	EndGlobalSection
	GlobalSection(SolutionProperties) = preSolution
		HideSolutionNode = FALSE
	EndGlobalSection
EndGlobal
